
Microsoft Visual Studio Solution File, Format Version 12.00
# Visual Studio Version 16
VisualStudioVersion = 16.0.29709.97
MinimumVisualStudioVersion = 10.0.40219.1
Project("{FAE04EC0-301F-11D3-BF4B-00C04F79EFBC}") = "LaboratotyWork6", "LaboratotyWork6\LaboratotyWork6.csproj", "{69CE9E49-9D4B-4DFA-BE00-7FD40F467948}"
EndProject
Global
	GlobalSection(SolutionConfigurationPlatforms) = preSolution
		Debug|Any CPU = Debug|Any CPU
		Release|Any CPU = Release|Any CPU
	EndGlobalSection
	GlobalSection(ProjectConfigurationPlatforms) = postSolution
		{69CE9E49-9D4B-4DFA-BE00-7FD40F467948}.Debug|Any CPU.ActiveCfg = Debug|Any CPU
		{69CE9E49-9D4B-4DFA-BE00-7FD40F467948}.Debug|Any CPU.Build.0 = Debug|Any CPU
		{69CE9E49-9D4B-4DFA-BE00-7FD40F467948}.Release|Any CPU.ActiveCfg = Release|Any CPU
		{69CE9E49-9D4B-4DFA-BE00-7FD40F467948}.Release|Any CPU.Build.0 = Release|Any CPU
	EndGlobalSection
	GlobalSection(SolutionProperties) = preSolution
		HideSolutionNode = FALSE
	EndGlobalSection
	GlobalSection(ExtensibilityGlobals) = postSolution
		SolutionGuid = {3D93BA6A-825F-40D5-8073-A62B5F38CBAD}
	EndGlobalSection
EndGlobal
